
Microsoft Visual Studio Solution File, Format Version 12.00
# Visual Studio Version 17
VisualStudioVersion = 17.7.34031.279
MinimumVisualStudioVersion = 10.0.40219.1
Project("{FAE04EC0-301F-11D3-BF4B-00C04F79EFBC}") = "Prakt1", "Laba1\Prakt1.csproj", "{A06F1088-EE7E-4F15-A308-D8C5EC74801D}"
EndProject
Project("{FAE04EC0-301F-11D3-BF4B-00C04F79EFBC}") = "Praktika2", "Praktika2\Praktika2.csproj", "{EC4C6F08-388B-4364-833A-176584C0E084}"
EndProject
Project("{FAE04EC0-301F-11D3-BF4B-00C04F79EFBC}") = "WindowsFormsApp1.Prakt3", "WindowsFormsApp1.Prakt3\WindowsFormsApp1.Prakt3.csproj", "{D919A74E-E4CD-4248-A1DF-919515FBBBAD}"
EndProject
Project("{FAE04EC0-301F-11D3-BF4B-00C04F79EFBC}") = "UnitTestProject1", "UnitTestProject1\UnitTestProject1.csproj", "{8149405B-4458-4419-8AEC-2E4890C40EE5}"
EndProject
Project("{FAE04EC0-301F-11D3-BF4B-00C04F79EFBC}") = "Prakt4", "Prakt4\Prakt4.csproj", "{52E38D1E-D552-4B65-9E91-A23C201134D9}"
EndProject
Project("{FAE04EC0-301F-11D3-BF4B-00C04F79EFBC}") = "UnitTestSolid", "UnitTestSolid\UnitTestSolid.csproj", "{158253F0-B6D0-4DDA-97D1-8B49A58A13CA}"
EndProject
Project("{FAE04EC0-301F-11D3-BF4B-00C04F79EFBC}") = "Prakt5", "Prakt5\Prakt5.csproj", "{7F676CCD-3F5E-4A0C-801B-3E54B2F85213}"
EndProject
Global
	GlobalSection(SolutionConfigurationPlatforms) = preSolution
		Debug|Any CPU = Debug|Any CPU
		Release|Any CPU = Release|Any CPU
	EndGlobalSection
	GlobalSection(ProjectConfigurationPlatforms) = postSolution
		{A06F1088-EE7E-4F15-A308-D8C5EC74801D}.Debug|Any CPU.ActiveCfg = Debug|Any CPU
		{A06F1088-EE7E-4F15-A308-D8C5EC74801D}.Debug|Any CPU.Build.0 = Debug|Any CPU
		{A06F1088-EE7E-4F15-A308-D8C5EC74801D}.Release|Any CPU.ActiveCfg = Release|Any CPU
		{A06F1088-EE7E-4F15-A308-D8C5EC74801D}.Release|Any CPU.Build.0 = Release|Any CPU
		{EC4C6F08-388B-4364-833A-176584C0E084}.Debug|Any CPU.ActiveCfg = Debug|Any CPU
		{EC4C6F08-388B-4364-833A-176584C0E084}.Debug|Any CPU.Build.0 = Debug|Any CPU
		{EC4C6F08-388B-4364-833A-176584C0E084}.Release|Any CPU.ActiveCfg = Release|Any CPU
		{EC4C6F08-388B-4364-833A-176584C0E084}.Release|Any CPU.Build.0 = Release|Any CPU
		{D919A74E-E4CD-4248-A1DF-919515FBBBAD}.Debug|Any CPU.ActiveCfg = Debug|Any CPU
		{D919A74E-E4CD-4248-A1DF-919515FBBBAD}.Debug|Any CPU.Build.0 = Debug|Any CPU
		{D919A74E-E4CD-4248-A1DF-919515FBBBAD}.Release|Any CPU.ActiveCfg = Release|Any CPU
		{D919A74E-E4CD-4248-A1DF-919515FBBBAD}.Release|Any CPU.Build.0 = Release|Any CPU
		{8149405B-4458-4419-8AEC-2E4890C40EE5}.Debug|Any CPU.ActiveCfg = Debug|Any CPU
		{8149405B-4458-4419-8AEC-2E4890C40EE5}.Debug|Any CPU.Build.0 = Debug|Any CPU
		{8149405B-4458-4419-8AEC-2E4890C40EE5}.Release|Any CPU.ActiveCfg = Release|Any CPU
		{8149405B-4458-4419-8AEC-2E4890C40EE5}.Release|Any CPU.Build.0 = Release|Any CPU
		{52E38D1E-D552-4B65-9E91-A23C201134D9}.Debug|Any CPU.ActiveCfg = Debug|Any CPU
		{52E38D1E-D552-4B65-9E91-A23C201134D9}.Debug|Any CPU.Build.0 = Debug|Any CPU
		{52E38D1E-D552-4B65-9E91-A23C201134D9}.Release|Any CPU.ActiveCfg = Release|Any CPU
		{52E38D1E-D552-4B65-9E91-A23C201134D9}.Release|Any CPU.Build.0 = Release|Any CPU
		{158253F0-B6D0-4DDA-97D1-8B49A58A13CA}.Debug|Any CPU.ActiveCfg = Debug|Any CPU
		{158253F0-B6D0-4DDA-97D1-8B49A58A13CA}.Debug|Any CPU.Build.0 = Debug|Any CPU
		{158253F0-B6D0-4DDA-97D1-8B49A58A13CA}.Release|Any CPU.ActiveCfg = Release|Any CPU
		{158253F0-B6D0-4DDA-97D1-8B49A58A13CA}.Release|Any CPU.Build.0 = Release|Any CPU
		{7F676CCD-3F5E-4A0C-801B-3E54B2F85213}.Debug|Any CPU.ActiveCfg = Debug|Any CPU
		{7F676CCD-3F5E-4A0C-801B-3E54B2F85213}.Debug|Any CPU.Build.0 = Debug|Any CPU
		{7F676CCD-3F5E-4A0C-801B-3E54B2F85213}.Release|Any CPU.ActiveCfg = Release|Any CPU
		{7F676CCD-3F5E-4A0C-801B-3E54B2F85213}.Release|Any CPU.Build.0 = Release|Any CPU
	EndGlobalSection
	GlobalSection(SolutionProperties) = preSolution
		HideSolutionNode = FALSE
	EndGlobalSection
	GlobalSection(ExtensibilityGlobals) = postSolution
		SolutionGuid = {CA4B88AF-18AA-4BA1-B44C-F1BF93EF77F7}
	EndGlobalSection
EndGlobal
